
Microsoft Visual Studio Solution File, Format Version 12.00
# Visual Studio Version 16
VisualStudioVersion = 16.0.31515.178
MinimumVisualStudioVersion = 10.0.40219.1
Project("{FAE04EC0-301F-11D3-BF4B-00C04F79EFBC}") = "WD7+ZipToCws", "WD7+ZipToCws.csproj", "{40A435AD-B68C-4171-AC68-2740FF590811}"
EndProject
Global
	GlobalSection(SolutionConfigurationPlatforms) = preSolution
		Debug|Any CPU = Debug|Any CPU
		Release|Any CPU = Release|Any CPU
	EndGlobalSection
	GlobalSection(ProjectConfigurationPlatforms) = postSolution
		{40A435AD-B68C-4171-AC68-2740FF590811}.Debug|Any CPU.ActiveCfg = Debug|Any CPU
		{40A435AD-B68C-4171-AC68-2740FF590811}.Debug|Any CPU.Build.0 = Debug|Any CPU
		{40A435AD-B68C-4171-AC68-2740FF590811}.Release|Any CPU.ActiveCfg = Release|Any CPU
		{40A435AD-B68C-4171-AC68-2740FF590811}.Release|Any CPU.Build.0 = Release|Any CPU
	EndGlobalSection
	GlobalSection(SolutionProperties) = preSolution
		HideSolutionNode = FALSE
	EndGlobalSection
	GlobalSection(ExtensibilityGlobals) = postSolution
		SolutionGuid = {38A28D6F-68CA-4041-A23B-8139D76BC508}
	EndGlobalSection
EndGlobal
